
Microsoft Visual Studio Solution File, Format Version 12.00
# Visual Studio Version 16
VisualStudioVersion = 16.0.28315.86
MinimumVisualStudioVersion = 10.0.40219.1
Project("{2150E333-8FDC-42A3-9474-1A3956D46DE8}") = "src", "src", "{D4B1D80B-560F-417E-AB5E-59BC0331639F}"
EndProject
Project("{9A19103F-16F7-4668-BE54-9A1E7A4F7556}") = "Catalog.Api", "src\Catalog.Api\Catalog.Api.csproj", "{E036AA5D-81C6-460B-B277-59C76B8D1EB4}"
EndProject
Project("{9A19103F-16F7-4668-BE54-9A1E7A4F7556}") = "Orders.Api", "src\Orders.Api\Orders.Api.csproj", "{63AD776C-A0D2-4BC8-94B2-A03B7CE78EE0}"
EndProject
Project("{2150E333-8FDC-42A3-9474-1A3956D46DE8}") = "CatalogContext", "CatalogContext", "{E73F7645-337F-4891-B953-6612951C9ECB}"
EndProject
Project("{2150E333-8FDC-42A3-9474-1A3956D46DE8}") = "OrdersContext", "OrdersContext", "{EA13AEA7-8E8A-4B3C-82BF-46528F7507D8}"
EndProject
Project("{9A19103F-16F7-4668-BE54-9A1E7A4F7556}") = "Catalog.Domain", "src\Catalog.Domain\Catalog.Domain.csproj", "{F2A03BB3-385B-42FB-B192-1A6E7877131F}"
EndProject
Project("{FAE04EC0-301F-11D3-BF4B-00C04F79EFBC}") = "Catalog.Repository", "src\Catalog.Repository\Catalog.Repository.csproj", "{2FFB88E2-D630-4353-9970-26F1BC6BF650}"
EndProject
Project("{FAE04EC0-301F-11D3-BF4B-00C04F79EFBC}") = "Orders.Domain", "src\Orders.Domain\Orders.Domain.csproj", "{99E39F03-6EB7-4F12-A161-10629E0C7028}"
EndProject
Project("{FAE04EC0-301F-11D3-BF4B-00C04F79EFBC}") = "Orders.Repository", "src\Orders.Repository\Orders.Repository.csproj", "{C1F2025F-CD37-4073-BD62-143C2D343DC3}"
EndProject
Project("{2150E333-8FDC-42A3-9474-1A3956D46DE8}") = "ApiGateway", "ApiGateway", "{71714FB4-2C76-4963-B0BA-BBA217860B69}"
EndProject
Project("{FAE04EC0-301F-11D3-BF4B-00C04F79EFBC}") = "ApiGateway.WebApp", "src\ApiGateway.WebApp\ApiGateway.WebApp.csproj", "{F4DF3C6F-1901-4509-8F4B-9251719DBC77}"
EndProject
Global
	GlobalSection(SolutionConfigurationPlatforms) = preSolution
		Debug|Any CPU = Debug|Any CPU
		Release|Any CPU = Release|Any CPU
	EndGlobalSection
	GlobalSection(ProjectConfigurationPlatforms) = postSolution
		{E036AA5D-81C6-460B-B277-59C76B8D1EB4}.Debug|Any CPU.ActiveCfg = Debug|Any CPU
		{E036AA5D-81C6-460B-B277-59C76B8D1EB4}.Debug|Any CPU.Build.0 = Debug|Any CPU
		{E036AA5D-81C6-460B-B277-59C76B8D1EB4}.Release|Any CPU.ActiveCfg = Release|Any CPU
		{E036AA5D-81C6-460B-B277-59C76B8D1EB4}.Release|Any CPU.Build.0 = Release|Any CPU
		{63AD776C-A0D2-4BC8-94B2-A03B7CE78EE0}.Debug|Any CPU.ActiveCfg = Debug|Any CPU
		{63AD776C-A0D2-4BC8-94B2-A03B7CE78EE0}.Debug|Any CPU.Build.0 = Debug|Any CPU
		{63AD776C-A0D2-4BC8-94B2-A03B7CE78EE0}.Release|Any CPU.ActiveCfg = Release|Any CPU
		{63AD776C-A0D2-4BC8-94B2-A03B7CE78EE0}.Release|Any CPU.Build.0 = Release|Any CPU
		{F2A03BB3-385B-42FB-B192-1A6E7877131F}.Debug|Any CPU.ActiveCfg = Debug|Any CPU
		{F2A03BB3-385B-42FB-B192-1A6E7877131F}.Debug|Any CPU.Build.0 = Debug|Any CPU
		{F2A03BB3-385B-42FB-B192-1A6E7877131F}.Release|Any CPU.ActiveCfg = Release|Any CPU
		{F2A03BB3-385B-42FB-B192-1A6E7877131F}.Release|Any CPU.Build.0 = Release|Any CPU
		{2FFB88E2-D630-4353-9970-26F1BC6BF650}.Debug|Any CPU.ActiveCfg = Debug|Any CPU
		{2FFB88E2-D630-4353-9970-26F1BC6BF650}.Debug|Any CPU.Build.0 = Debug|Any CPU
		{2FFB88E2-D630-4353-9970-26F1BC6BF650}.Release|Any CPU.ActiveCfg = Release|Any CPU
		{2FFB88E2-D630-4353-9970-26F1BC6BF650}.Release|Any CPU.Build.0 = Release|Any CPU
		{99E39F03-6EB7-4F12-A161-10629E0C7028}.Debug|Any CPU.ActiveCfg = Debug|Any CPU
		{99E39F03-6EB7-4F12-A161-10629E0C7028}.Debug|Any CPU.Build.0 = Debug|Any CPU
		{99E39F03-6EB7-4F12-A161-10629E0C7028}.Release|Any CPU.ActiveCfg = Release|Any CPU
		{99E39F03-6EB7-4F12-A161-10629E0C7028}.Release|Any CPU.Build.0 = Release|Any CPU
		{C1F2025F-CD37-4073-BD62-143C2D343DC3}.Debug|Any CPU.ActiveCfg = Debug|Any CPU
		{C1F2025F-CD37-4073-BD62-143C2D343DC3}.Debug|Any CPU.Build.0 = Debug|Any CPU
		{C1F2025F-CD37-4073-BD62-143C2D343DC3}.Release|Any CPU.ActiveCfg = Release|Any CPU
		{C1F2025F-CD37-4073-BD62-143C2D343DC3}.Release|Any CPU.Build.0 = Release|Any CPU
		{F4DF3C6F-1901-4509-8F4B-9251719DBC77}.Debug|Any CPU.ActiveCfg = Debug|Any CPU
		{F4DF3C6F-1901-4509-8F4B-9251719DBC77}.Debug|Any CPU.Build.0 = Debug|Any CPU
		{F4DF3C6F-1901-4509-8F4B-9251719DBC77}.Release|Any CPU.ActiveCfg = Release|Any CPU
		{F4DF3C6F-1901-4509-8F4B-9251719DBC77}.Release|Any CPU.Build.0 = Release|Any CPU
	EndGlobalSection
	GlobalSection(SolutionProperties) = preSolution
		HideSolutionNode = FALSE
	EndGlobalSection
	GlobalSection(NestedProjects) = preSolution
		{E036AA5D-81C6-460B-B277-59C76B8D1EB4} = {E73F7645-337F-4891-B953-6612951C9ECB}
		{63AD776C-A0D2-4BC8-94B2-A03B7CE78EE0} = {EA13AEA7-8E8A-4B3C-82BF-46528F7507D8}
		{E73F7645-337F-4891-B953-6612951C9ECB} = {D4B1D80B-560F-417E-AB5E-59BC0331639F}
		{EA13AEA7-8E8A-4B3C-82BF-46528F7507D8} = {D4B1D80B-560F-417E-AB5E-59BC0331639F}
		{F2A03BB3-385B-42FB-B192-1A6E7877131F} = {E73F7645-337F-4891-B953-6612951C9ECB}
		{2FFB88E2-D630-4353-9970-26F1BC6BF650} = {E73F7645-337F-4891-B953-6612951C9ECB}
		{99E39F03-6EB7-4F12-A161-10629E0C7028} = {EA13AEA7-8E8A-4B3C-82BF-46528F7507D8}
		{C1F2025F-CD37-4073-BD62-143C2D343DC3} = {EA13AEA7-8E8A-4B3C-82BF-46528F7507D8}
		{71714FB4-2C76-4963-B0BA-BBA217860B69} = {D4B1D80B-560F-417E-AB5E-59BC0331639F}
		{F4DF3C6F-1901-4509-8F4B-9251719DBC77} = {71714FB4-2C76-4963-B0BA-BBA217860B69}
	EndGlobalSection
	GlobalSection(ExtensibilityGlobals) = postSolution
		SolutionGuid = {783664A0-7024-4BEF-BBD4-54134328A5EF}
	EndGlobalSection
EndGlobal
